
Microsoft Visual Studio Solution File, Format Version 12.00
# Visual Studio Version 16
VisualStudioVersion = 16.0.31727.386
MinimumVisualStudioVersion = 10.0.40219.1
Project("{FAE04EC0-301F-11D3-BF4B-00C04F79EFBC}") = "Kurs", "Kurs\Kurs.csproj", "{FCBFBF27-9FFD-4E59-82D1-51D2B0BD99AC}"
EndProject
Global
	GlobalSection(SolutionConfigurationPlatforms) = preSolution
		Debug|Any CPU = Debug|Any CPU
		Release|Any CPU = Release|Any CPU
	EndGlobalSection
	GlobalSection(ProjectConfigurationPlatforms) = postSolution
		{FCBFBF27-9FFD-4E59-82D1-51D2B0BD99AC}.Debug|Any CPU.ActiveCfg = Debug|Any CPU
		{FCBFBF27-9FFD-4E59-82D1-51D2B0BD99AC}.Debug|Any CPU.Build.0 = Debug|Any CPU
		{FCBFBF27-9FFD-4E59-82D1-51D2B0BD99AC}.Release|Any CPU.ActiveCfg = Release|Any CPU
		{FCBFBF27-9FFD-4E59-82D1-51D2B0BD99AC}.Release|Any CPU.Build.0 = Release|Any CPU
	EndGlobalSection
	GlobalSection(SolutionProperties) = preSolution
		HideSolutionNode = FALSE
	EndGlobalSection
	GlobalSection(ExtensibilityGlobals) = postSolution
		SolutionGuid = {F2F6BE33-78A4-46FB-9AB0-02C3470437DC}
	EndGlobalSection
EndGlobal
